
Microsoft Visual Studio Solution File, Format Version 12.00
# Visual Studio Version 16
VisualStudioVersion = 16.0.30907.101
MinimumVisualStudioVersion = 10.0.40219.1
Project("{FAE04EC0-301F-11D3-BF4B-00C04F79EFBC}") = "API", "API\API.csproj", "{B11B2503-987E-4BA0-9981-BA1C30AEB246}"
EndProject
Global
	GlobalSection(SolutionConfigurationPlatforms) = preSolution
		Debug|Any CPU = Debug|Any CPU
		Release|Any CPU = Release|Any CPU
	EndGlobalSection
	GlobalSection(ProjectConfigurationPlatforms) = postSolution
		{B11B2503-987E-4BA0-9981-BA1C30AEB246}.Debug|Any CPU.ActiveCfg = Debug|Any CPU
		{B11B2503-987E-4BA0-9981-BA1C30AEB246}.Debug|Any CPU.Build.0 = Debug|Any CPU
		{B11B2503-987E-4BA0-9981-BA1C30AEB246}.Release|Any CPU.ActiveCfg = Release|Any CPU
		{B11B2503-987E-4BA0-9981-BA1C30AEB246}.Release|Any CPU.Build.0 = Release|Any CPU
	EndGlobalSection
	GlobalSection(SolutionProperties) = preSolution
		HideSolutionNode = FALSE
	EndGlobalSection
	GlobalSection(ExtensibilityGlobals) = postSolution
		SolutionGuid = {AAEF79B0-2E15-4657-B9A0-E3AE4181495B}
	EndGlobalSection
EndGlobal
